
Microsoft Visual Studio Solution File, Format Version 12.00
# Visual Studio Version 17
VisualStudioVersion = 17.13.35913.81 d17.13
MinimumVisualStudioVersion = 10.0.40219.1
Project("{FAE04EC0-301F-11D3-BF4B-00C04F79EFBC}") = "API_with_Postgres", "API_with_Postgres.csproj", "{67565012-A9C0-46F9-B7E2-3B9597F3A66A}"
EndProject
Global
	GlobalSection(SolutionConfigurationPlatforms) = preSolution
		Debug|Any CPU = Debug|Any CPU
		Release|Any CPU = Release|Any CPU
	EndGlobalSection
	GlobalSection(ProjectConfigurationPlatforms) = postSolution
		{67565012-A9C0-46F9-B7E2-3B9597F3A66A}.Debug|Any CPU.ActiveCfg = Debug|Any CPU
		{67565012-A9C0-46F9-B7E2-3B9597F3A66A}.Debug|Any CPU.Build.0 = Debug|Any CPU
		{67565012-A9C0-46F9-B7E2-3B9597F3A66A}.Release|Any CPU.ActiveCfg = Release|Any CPU
		{67565012-A9C0-46F9-B7E2-3B9597F3A66A}.Release|Any CPU.Build.0 = Release|Any CPU
	EndGlobalSection
	GlobalSection(SolutionProperties) = preSolution
		HideSolutionNode = FALSE
	EndGlobalSection
	GlobalSection(ExtensibilityGlobals) = postSolution
		SolutionGuid = {A863B397-9D26-45DC-B1F1-EC24C0247C15}
	EndGlobalSection
EndGlobal
